PODS:
  - Flutter (1.0.0)
  - open_third_app (0.0.1):
    - Flutter

DEPENDENCIES:
  - Flutter (from `.symlinks/flutter/ios`)
  - open_third_app (from `.symlinks/plugins/open_third_app/ios`)

EXTERNAL SOURCES:
  Flutter:
    :path: ".symlinks/flutter/ios"
  open_third_app:
    :path: ".symlinks/plugins/open_third_app/ios"

SPEC CHECKSUMS:
  Flutter: 58dd7d1b27887414a370fcccb9e645c08ffd7a6a
  open_third_app: d1ca442f0965c1cce6c6b41919104370668719fc

PODFILE CHECKSUM: ebd43b443038e611b86ede96e613bd6033c49497

COCOAPODS: 1.6.0
